// !$*UTF8*$!
{
	archiveVersion = 1;
	classes = {
	};
	objectVersion = 55;
	objects = {

/* Begin PBXBuildFile section */
		4E1C0C3C2890FC970082568C /* DrawingApp.swift in Sources */ = {isa = PBXBuildFile; fileRef = 4E1C0C3B2890FC970082568C /* DrawingApp.swift */; };
		4E1C0C3E2890FC970082568C /* ContentView.swift in Sources */ = {isa = PBXBuildFile; fileRef = 4E1C0C3D2890FC970082568C /* ContentView.swift */; };
		4E1C0C402890FC980082568C /* Assets.xcassets in Resources */ = {isa = PBXBuildFile; fileRef = 4E1C0C3F2890FC980082568C /* Assets.xcassets */; };
		4E1C0C432890FC980082568C /* Preview Assets.xcassets in Resources */ = {isa = PBXBuildFile; fileRef = 4E1C0C422890FC980082568C /* Preview Assets.xcassets */; };
		4E1C0C452890FC980082568C /* Persistence.swift in Sources */ = {isa = PBXBuildFile; fileRef = 4E1C0C442890FC980082568C /* Persistence.swift */; };
		4E1C0C522890FC990082568C /* DrawingTests.swift in Sources */ = {isa = PBXBuildFile; fileRef = 4E1C0C512890FC990082568C /* DrawingTests.swift */; };
		4E1C0C5C2890FC990082568C /* DrawingUITests.swift in Sources */ = {isa = PBXBuildFile; fileRef = 4E1C0C5B2890FC990082568C /* DrawingUITests.swift */; };
		4E1C0C5E2890FC990082568C /* DrawingUITestsLaunchTests.swift in Sources */ = {isa = PBXBuildFile; fileRef = 4E1C0C5D2890FC990082568C /* DrawingUITestsLaunchTests.swift */; };
		4E1C0C6B2890FCBA0082568C /* Canvas.swift in Sources */ = {isa = PBXBuildFile; fileRef = 4E1C0C6A2890FCBA0082568C /* Canvas.swift */; };
		4E1C0C712890FDC30082568C /* Drawing.xcdatamodeld in Sources */ = {isa = PBXBuildFile; fileRef = 4E1C0C6F2890FDC30082568C /* Drawing.xcdatamodeld */; };
		4E1C0C742891100F0082568C /* Drawing+CoreDataClass.swift in Sources */ = {isa = PBXBuildFile; fileRef = 4E1C0C722891100F0082568C /* Drawing+CoreDataClass.swift */; };
		4E1C0C752891100F0082568C /* Drawing+CoreDataProperties.swift in Sources */ = {isa = PBXBuildFile; fileRef = 4E1C0C732891100F0082568C /* Drawing+CoreDataProperties.swift */; };
/* End PBXBuildFile section */

/* Begin PBXContainerItemProxy section */
		4E1C0C4E2890FC990082568C /* PBXContainerItemProxy */ = {
			isa = PBXContainerItemProxy;
			containerPortal = 4E1C0C302890FC970082568C /* Project object */;
			proxyType = 1;
			remoteGlobalIDString = 4E1C0C372890FC970082568C;
			remoteInfo = Drawing;
		};
		4E1C0C582890FC990082568C /* PBXContainerItemProxy */ = {
			isa = PBXContainerItemProxy;
			containerPortal = 4E1C0C302890FC970082568C /* Project object */;
			proxyType = 1;
			remoteGlobalIDString = 4E1C0C372890FC970082568C;
			remoteInfo = Drawing;
		};
/* End PBXContainerItemProxy section */

/* Begin PBXFileReference section */
		4E1C0C382890FC970082568C /* Drawing.app */ = {isa = PBXFileReference; explicitFileType = wrapper.application; includeInIndex = 0; path = Drawing.app; sourceTree = BUILT_PRODUCTS_DIR; };
		4E1C0C3B2890FC970082568C /* DrawingApp.swift */ = {isa = PBXFileReference; lastKnownFileType = sourcecode.swift; path = DrawingApp.swift; sourceTree = "<group>"; };
		4E1C0C3D2890FC970082568C /* ContentView.swift */ = {isa = PBXFileReference; lastKnownFileType = sourcecode.swift; path = ContentView.swift; sourceTree = "<group>"; };
		4E1C0C3F2890FC980082568C /* Assets.xcassets */ = {isa = PBXFileReference; lastKnownFileType = folder.assetcatalog; path = Assets.xcassets; sourceTree = "<group>"; };
		4E1C0C422890FC980082568C /* Preview Assets.xcassets */ = {isa = PBXFileReference; lastKnownFileType = folder.assetcatalog; path = "Preview Assets.xcassets"; sourceTree = "<group>"; };
		4E1C0C442890FC980082568C /* Persistence.swift */ = {isa = PBXFileReference; lastKnownFileType = sourcecode.swift; path = Persistence.swift; sourceTree = "<group>"; };
		4E1C0C4D2890FC990082568C /* DrawingTests.xctest */ = {isa = PBXFileReference; explicitFileType = wrapper.cfbundle; includeInIndex = 0; path = DrawingTests.xctest; sourceTree = BUILT_PRODUCTS_DIR; };
		4E1C0C512890FC990082568C /* DrawingTests.swift */ = {isa = PBXFileReference; lastKnownFileType = sourcecode.swift; path = DrawingTests.swift; sourceTree = "<group>"; };
		4E1C0C572890FC990082568C /* DrawingUITests.xctest */ = {isa = PBXFileReference; explicitFileType = wrapper.cfbundle; includeInIndex = 0; path = DrawingUITests.xctest; sourceTree = BUILT_PRODUCTS_DIR; };
		4E1C0C5B2890FC990082568C /* DrawingUITests.swift */ = {isa = PBXFileReference; lastKnownFileType = sourcecode.swift; path = DrawingUITests.swift; sourceTree = "<group>"; };
		4E1C0C5D2890FC990082568C /* DrawingUITestsLaunchTests.swift */ = {isa = PBXFileReference; lastKnownFileType = sourcecode.swift; path = DrawingUITestsLaunchTests.swift; sourceTree = "<group>"; };
		4E1C0C6A2890FCBA0082568C /* Canvas.swift */ = {isa = PBXFileReference; lastKnownFileType = sourcecode.swift; path = Canvas.swift; sourceTree = "<group>"; };
		4E1C0C702890FDC30082568C /* Drawing.xcdatamodel */ = {isa = PBXFileReference; lastKnownFileType = wrapper.xcdatamodel; path = Drawing.xcdatamodel; sourceTree = "<group>"; };
		4E1C0C722891100F0082568C /* Drawing+CoreDataClass.swift */ = {isa = PBXFileReference; lastKnownFileType = sourcecode.swift; path = "Drawing+CoreDataClass.swift"; sourceTree = "<group>"; };
		4E1C0C732891100F0082568C /* Drawing+CoreDataProperties.swift */ = {isa = PBXFileReference; lastKnownFileType = sourcecode.swift; path = "Drawing+CoreDataProperties.swift"; sourceTree = "<group>"; };
/* End PBXFileReference section */

/* Begin PBXFrameworksBuildPhase section */
		4E1C0C352890FC970082568C /* Frameworks */ = {
			isa = PBXFrameworksBuildPhase;
			buildActionMask = 2147483647;
			files = (
			);
			runOnlyForDeploymentPostprocessing = 0;
		};
		4E1C0C4A2890FC990082568C /* Frameworks */ = {
			isa = PBXFrameworksBuildPhase;
			buildActionMask = 2147483647;
			files = (
			);
			runOnlyForDeploymentPostprocessing = 0;
		};
		4E1C0C542890FC990082568C /* Frameworks */ = {
			isa = PBXFrameworksBuildPhase;
			buildActionMask = 2147483647;
			files = (
			);
			runOnlyForDeploymentPostprocessing = 0;
		};
/* End PBXFrameworksBuildPhase section */

/* Begin PBXGroup section */
		4E1C0C2F2890FC970082568C = {
			isa = PBXGroup;
			children = (
				4E1C0C3A2890FC970082568C /* Drawing */,
				4E1C0C502890FC990082568C /* DrawingTests */,
				4E1C0C5A2890FC990082568C /* DrawingUITests */,
				4E1C0C392890FC970082568C /* Products */,
			);
			sourceTree = "<group>";
		};
		4E1C0C392890FC970082568C /* Products */ = {
			isa = PBXGroup;
			children = (
				4E1C0C382890FC970082568C /* Drawing.app */,
				4E1C0C4D2890FC990082568C /* DrawingTests.xctest */,
				4E1C0C572890FC990082568C /* DrawingUITests.xctest */,
			);
			name = Products;
			sourceTree = "<group>";
		};
		4E1C0C3A2890FC970082568C /* Drawing */ = {
			isa = PBXGroup;
			children = (
				4E1C0C722891100F0082568C /* Drawing+CoreDataClass.swift */,
				4E1C0C732891100F0082568C /* Drawing+CoreDataProperties.swift */,
				4E1C0C3B2890FC970082568C /* DrawingApp.swift */,
				4E1C0C3D2890FC970082568C /* ContentView.swift */,
				4E1C0C6F2890FDC30082568C /* Drawing.xcdatamodeld */,
				4E1C0C6A2890FCBA0082568C /* Canvas.swift */,
				4E1C0C3F2890FC980082568C /* Assets.xcassets */,
				4E1C0C442890FC980082568C /* Persistence.swift */,
				4E1C0C412890FC980082568C /* Preview Content */,
			);
			path = Drawing;
			sourceTree = "<group>";
		};
		4E1C0C412890FC980082568C /* Preview Content */ = {
			isa = PBXGroup;
			children = (
				4E1C0C422890FC980082568C /* Preview Assets.xcassets */,
			);
			path = "Preview Content";
			sourceTree = "<group>";
		};
		4E1C0C502890FC990082568C /* DrawingTests */ = {
			isa = PBXGroup;
			children = (
				4E1C0C512890FC990082568C /* DrawingTests.swift */,
			);
			path = DrawingTests;
			sourceTree = "<group>";
		};
		4E1C0C5A2890FC990082568C /* DrawingUITests */ = {
			isa = PBXGroup;
			children = (
				4E1C0C5B2890FC990082568C /* DrawingUITests.swift */,
				4E1C0C5D2890FC990082568C /* DrawingUITestsLaunchTests.swift */,
			);
			path = DrawingUITests;
			sourceTree = "<group>";
		};
/* End PBXGroup section */

/* Begin PBXNativeTarget section */
		4E1C0C372890FC970082568C /* Drawing */ = {
			isa = PBXNativeTarget;
			buildConfigurationList = 4E1C0C612890FC990082568C /* Build configuration list for PBXNativeTarget "Drawing" */;
			buildPhases = (
				4E1C0C342890FC970082568C /* Sources */,
				4E1C0C352890FC970082568C /* Frameworks */,
				4E1C0C362890FC970082568C /* Resources */,
			);
			buildRules = (
			);
			dependencies = (
			);
			name = Drawing;
			productName = Drawing;
			productReference = 4E1C0C382890FC970082568C /* Drawing.app */;
			productType = "com.apple.product-type.application";
		};
		4E1C0C4C2890FC990082568C /* DrawingTests */ = {
			isa = PBXNativeTarget;
			buildConfigurationList = 4E1C0C642890FC990082568C /* Build configuration list for PBXNativeTarget "DrawingTests" */;
			buildPhases = (
				4E1C0C492890FC990082568C /* Sources */,
				4E1C0C4A2890FC990082568C /* Frameworks */,
				4E1C0C4B2890FC990082568C /* Resources */,
			);
			buildRules = (
			);
			dependencies = (
				4E1C0C4F2890FC990082568C /* PBXTargetDependency */,
			);
			name = DrawingTests;
			productName = DrawingTests;
			productReference = 4E1C0C4D2890FC990082568C /* DrawingTests.xctest */;
			productType = "com.apple.product-type.bundle.unit-test";
		};
		4E1C0C562890FC990082568C /* DrawingUITests */ = {
			isa = PBXNativeTarget;
			buildConfigurationList = 4E1C0C672890FC990082568C /* Build configuration list for PBXNativeTarget "DrawingUITests" */;
			buildPhases = (
				4E1C0C532890FC990082568C /* Sources */,
				4E1C0C542890FC990082568C /* Frameworks */,
				4E1C0C552890FC990082568C /* Resources */,
			);
			buildRules = (
			);
			dependencies = (
				4E1C0C592890FC990082568C /* PBXTargetDependency */,
			);
			name = DrawingUITests;
			productName = DrawingUITests;
			productReference = 4E1C0C572890FC990082568C /* DrawingUITests.xctest */;
			productType = "com.apple.product-type.bundle.ui-testing";
		};
/* End PBXNativeTarget section */

/* Begin PBXProject section */
		4E1C0C302890FC970082568C /* Project object */ = {
			isa = PBXProject;
			attributes = {
				BuildIndependentTargetsInParallel = 1;
				LastSwiftUpdateCheck = 1340;
				LastUpgradeCheck = 1340;
				TargetAttributes = {
					4E1C0C372890FC970082568C = {
						CreatedOnToolsVersion = 13.4.1;
					};
					4E1C0C4C2890FC990082568C = {
						CreatedOnToolsVersion = 13.4.1;
						TestTargetID = 4E1C0C372890FC970082568C;
					};
					4E1C0C562890FC990082568C = {
						CreatedOnToolsVersion = 13.4.1;
						TestTargetID = 4E1C0C372890FC970082568C;
					};
				};
			};
			buildConfigurationList = 4E1C0C332890FC970082568C /* Build configuration list for PBXProject "Drawing" */;
			compatibilityVersion = "Xcode 13.0";
			developmentRegion = en;
			hasScannedForEncodings = 0;
			knownRegions = (
				en,
				Base,
			);
			mainGroup = 4E1C0C2F2890FC970082568C;
			productRefGroup = 4E1C0C392890FC970082568C /* Products */;
			projectDirPath = "";
			projectRoot = "";
			targets = (
				4E1C0C372890FC970082568C /* Drawing */,
				4E1C0C4C2890FC990082568C /* DrawingTests */,
				4E1C0C562890FC990082568C /* DrawingUITests */,
			);
		};
/* End PBXProject section */

/* Begin PBXResourcesBuildPhase section */
		4E1C0C362890FC970082568C /* Resources */ = {
			isa = PBXResourcesBuildPhase;
			buildActionMask = 2147483647;
			files = (
				4E1C0C432890FC980082568C /* Preview Assets.xcassets in Resources */,
				4E1C0C402890FC980082568C /* Assets.xcassets in Resources */,
			);
			runOnlyForDeploymentPostprocessing = 0;
		};
		4E1C0C4B2890FC990082568C /* Resources */ = {
			isa = PBXResourcesBuildPhase;
			buildActionMask = 2147483647;
			files = (
			);
			runOnlyForDeploymentPostprocessing = 0;
		};
		4E1C0C552890FC990082568C /* Resources */ = {
			isa = PBXResourcesBuildPhase;
			buildActionMask = 2147483647;
			files = (
			);
			runOnlyForDeploymentPostprocessing = 0;
		};
/* End PBXResourcesBuildPhase section */

/* Begin PBXSourcesBuildPhase section */
		4E1C0C342890FC970082568C /* Sources */ = {
			isa = PBXSourcesBuildPhase;
			buildActionMask = 2147483647;
			files = (
				4E1C0C742891100F0082568C /* Drawing+CoreDataClass.swift in Sources */,
				4E1C0C452890FC980082568C /* Persistence.swift in Sources */,
				4E1C0C712890FDC30082568C /* Drawing.xcdatamodeld in Sources */,
				4E1C0C3E2890FC970082568C /* ContentView.swift in Sources */,
				4E1C0C752891100F0082568C /* Drawing+CoreDataProperties.swift in Sources */,
				4E1C0C6B2890FCBA0082568C /* Canvas.swift in Sources */,
				4E1C0C3C2890FC970082568C /* DrawingApp.swift in Sources */,
			);
			runOnlyForDeploymentPostprocessing = 0;
		};
		4E1C0C492890FC990082568C /* Sources */ = {
			isa = PBXSourcesBuildPhase;
			buildActionMask = 2147483647;
			files = (
				4E1C0C522890FC990082568C /* DrawingTests.swift in Sources */,
			);
			runOnlyForDeploymentPostprocessing = 0;
		};
		4E1C0C532890FC990082568C /* Sources */ = {
			isa = PBXSourcesBuildPhase;
			buildActionMask = 2147483647;
			files = (
				4E1C0C5C2890FC990082568C /* DrawingUITests.swift in Sources */,
				4E1C0C5E2890FC990082568C /* DrawingUITestsLaunchTests.swift in Sources */,
			);
			runOnlyForDeploymentPostprocessing = 0;
		};
/* End PBXSourcesBuildPhase section */

/* Begin PBXTargetDependency section */
		4E1C0C4F2890FC990082568C /* PBXTargetDependency */ = {
			isa = PBXTargetDependency;
			target = 4E1C0C372890FC970082568C /* Drawing */;
			targetProxy = 4E1C0C4E2890FC990082568C /* PBXContainerItemProxy */;
		};
		4E1C0C592890FC990082568C /* PBXTargetDependency */ = {
			isa = PBXTargetDependency;
			target = 4E1C0C372890FC970082568C /* Drawing */;
			targetProxy = 4E1C0C582890FC990082568C /* PBXContainerItemProxy */;
		};
/* End PBXTargetDependency section */

/* Begin XCBuildConfiguration section */
		4E1C0C5F2890FC990082568C /* Debug */ = {
			isa = XCBuildConfiguration;
			buildSettings = {
				ALWAYS_SEARCH_USER_PATHS = NO;
				CLANG_ANALYZER_NONNULL = YES;
				CLANG_ANALYZER_NUMBER_OBJECT_CONVERSION = YES_AGGRESSIVE;
				CLANG_CXX_LANGUAGE_STANDARD = "gnu++17";
				CLANG_ENABLE_MODULES = YES;
				CLANG_ENABLE_OBJC_ARC = YES;
				CLANG_ENABLE_OBJC_WEAK = YES;
				CLANG_WARN_BLOCK_CAPTURE_AUTORELEASING = YES;
				CLANG_WARN_BOOL_CONVERSION = YES;
				CLANG_WARN_COMMA = YES;
				CLANG_WARN_CONSTANT_CONVERSION = YES;
				CLANG_WARN_DEPRECATED_OBJC_IMPLEMENTATIONS = YES;
				CLANG_WARN_DIRECT_OBJC_ISA_USAGE = YES_ERROR;
				CLANG_WARN_DOCUMENTATION_COMMENTS = YES;
				CLANG_WARN_EMPTY_BODY = YES;
				CLANG_WARN_ENUM_CONVERSION = YES;
				CLANG_WARN_INFINITE_RECURSION = YES;
				CLANG_WARN_INT_CONVERSION = YES;
				CLANG_WARN_NON_LITERAL_NULL_CONVERSION = YES;
				CLANG_WARN_OBJC_IMPLICIT_RETAIN_SELF = YES;
				CLANG_WARN_OBJC_LITERAL_CONVERSION = YES;
				CLANG_WARN_OBJC_ROOT_CLASS = YES_ERROR;
				CLANG_WARN_QUOTED_INCLUDE_IN_FRAMEWORK_HEADER = YES;
				CLANG_WARN_RANGE_LOOP_ANALYSIS = YES;
				CLANG_WARN_STRICT_PROTOTYPES = YES;
				CLANG_WARN_SUSPICIOUS_MOVE = YES;
				CLANG_WARN_UNGUARDED_AVAILABILITY = YES_AGGRESSIVE;
				CLANG_WARN_UNREACHABLE_CODE = YES;
				CLANG_WARN__DUPLICATE_METHOD_MATCH = YES;
				COPY_PHASE_STRIP = NO;
				DEBUG_INFORMATION_FORMAT = dwarf;
				ENABLE_STRICT_OBJC_MSGSEND = YES;
				ENABLE_TESTABILITY = YES;
				GCC_C_LANGUAGE_STANDARD = gnu11;
				GCC_DYNAMIC_NO_PIC = NO;
				GCC_NO_COMMON_BLOCKS = YES;
				GCC_OPTIMIZATION_LEVEL = 0;
				GCC_PREPROCESSOR_DEFINITIONS = (
					"DEBUG=1",
					"$(inherited)",
				);
				GCC_WARN_64_TO_32_BIT_CONVERSION = YES;
				GCC_WARN_ABOUT_RETURN_TYPE = YES_ERROR;
				GCC_WARN_UNDECLARED_SELECTOR = YES;
				GCC_WARN_UNINITIALIZED_AUTOS = YES_AGGRESSIVE;
				GCC_WARN_UNUSED_FUNCTION = YES;
				GCC_WARN_UNUSED_VARIABLE = YES;
				IPHONEOS_DEPLOYMENT_TARGET = 15.5;
				MTL_ENABLE_DEBUG_INFO = INCLUDE_SOURCE;
				MTL_FAST_MATH = YES;
				ONLY_ACTIVE_ARCH = YES;
				SDKROOT = iphoneos;
				SWIFT_ACTIVE_COMPILATION_CONDITIONS = DEBUG;
				SWIFT_OPTIMIZATION_LEVEL = "-Onone";
			};
			name = Debug;
		};
		4E1C0C602890FC990082568C /* Release */ = {
			isa = XCBuildConfiguration;
			buildSettings = {
				ALWAYS_SEARCH_USER_PATHS = NO;
				CLANG_ANALYZER_NONNULL = YES;
				CLANG_ANALYZER_NUMBER_OBJECT_CONVERSION = YES_AGGRESSIVE;
				CLANG_CXX_LANGUAGE_STANDARD = "gnu++17";
				CLANG_ENABLE_MODULES = YES;
				CLANG_ENABLE_OBJC_ARC = YES;
				CLANG_ENABLE_OBJC_WEAK = YES;
				CLANG_WARN_BLOCK_CAPTURE_AUTORELEASING = YES;
				CLANG_WARN_BOOL_CONVERSION = YES;
				CLANG_WARN_COMMA = YES;
				CLANG_WARN_CONSTANT_CONVERSION = YES;
				CLANG_WARN_DEPRECATED_OBJC_IMPLEMENTATIONS = YES;
				CLANG_WARN_DIRECT_OBJC_ISA_USAGE = YES_ERROR;
				CLANG_WARN_DOCUMENTATION_COMMENTS = YES;
				CLANG_WARN_EMPTY_BODY = YES;
				CLANG_WARN_ENUM_CONVERSION = YES;
				CLANG_WARN_INFINITE_RECURSION = YES;
				CLANG_WARN_INT_CONVERSION = YES;
				CLANG_WARN_NON_LITERAL_NULL_CONVERSION = YES;
				CLANG_WARN_OBJC_IMPLICIT_RETAIN_SELF = YES;
				CLANG_WARN_OBJC_LITERAL_CONVERSION = YES;
				CLANG_WARN_OBJC_ROOT_CLASS = YES_ERROR;
				CLANG_WARN_QUOTED_INCLUDE_IN_FRAMEWORK_HEADER = YES;
				CLANG_WARN_RANGE_LOOP_ANALYSIS = YES;
				CLANG_WARN_STRICT_PROTOTYPES = YES;
				CLANG_WARN_SUSPICIOUS_MOVE = YES;
				CLANG_WARN_UNGUARDED_AVAILABILITY = YES_AGGRESSIVE;
				CLANG_WARN_UNREACHABLE_CODE = YES;
				CLANG_WARN__DUPLICATE_METHOD_MATCH = YES;
				COPY_PHASE_STRIP = NO;
				DEBUG_INFORMATION_FORMAT = "dwarf-with-dsym";
				ENABLE_NS_ASSERTIONS = NO;
				ENABLE_STRICT_OBJC_MSGSEND = YES;
				GCC_C_LANGUAGE_STANDARD = gnu11;
				GCC_NO_COMMON_BLOCKS = YES;
				GCC_WARN_64_TO_32_BIT_CONVERSION = YES;
				GCC_WARN_ABOUT_RETURN_TYPE = YES_ERROR;
				GCC_WARN_UNDECLARED_SELECTOR = YES;
				GCC_WARN_UNINITIALIZED_AUTOS = YES_AGGRESSIVE;
				GCC_WARN_UNUSED_FUNCTION = YES;
				GCC_WARN_UNUSED_VARIABLE = YES;
				IPHONEOS_DEPLOYMENT_TARGET = 15.5;
				MTL_ENABLE_DEBUG_INFO = NO;
				MTL_FAST_MATH = YES;
				SDKROOT = iphoneos;
				SWIFT_COMPILATION_MODE = wholemodule;
				SWIFT_OPTIMIZATION_LEVEL = "-O";
				VALIDATE_PRODUCT = YES;
			};
			name = Release;
		};
		4E1C0C622890FC990082568C /* Debug */ = {
			isa = XCBuildConfiguration;
			buildSettings = {
				ASSETCATALOG_COMPILER_APPICON_NAME = AppIcon;
				ASSETCATALOG_COMPILER_GLOBAL_ACCENT_COLOR_NAME = AccentColor;
				CODE_SIGN_STYLE = Automatic;
				CURRENT_PROJECT_VERSION = 1;
				DEVELOPMENT_ASSET_PATHS = "\"Drawing/Preview Content\"";
				ENABLE_PREVIEWS = YES;
				GENERATE_INFOPLIST_FILE = YES;
				INFOPLIST_KEY_UIApplicationSceneManifest_Generation = YES;
				INFOPLIST_KEY_UIApplicationSupportsIndirectInputEvents = YES;
				INFOPLIST_KEY_UILaunchScreen_Generation = YES;
				INFOPLIST_KEY_UISupportedInterfaceOrientations_iPad = "UIInterfaceOrientationPortrait UIInterfaceOrientationPortraitUpsideDown UIInterfaceOrientationLandscapeLeft UIInterfaceOrientationLandscapeRight";
				INFOPLIST_KEY_UISupportedInterfaceOrientations_iPhone = "UIInterfaceOrientationPortrait UIInterfaceOrientationLandscapeLeft UIInterfaceOrientationLandscapeRight";
				LD_RUNPATH_SEARCH_PATHS = (
					"$(inherited)",
					"@executable_path/Frameworks",
				);
				MARKETING_VERSION = 1.0;
				PRODUCT_BUNDLE_IDENTIFIER = com.Drawing;
				PRODUCT_NAME = "$(TARGET_NAME)";
				SWIFT_EMIT_LOC_STRINGS = YES;
				SWIFT_VERSION = 5.0;
				TARGETED_DEVICE_FAMILY = "1,2";
			};
			name = Debug;
		};
		4E1C0C632890FC990082568C /* Release */ = {
			isa = XCBuildConfiguration;
			buildSettings = {
				ASSETCATALOG_COMPILER_APPICON_NAME = AppIcon;
				ASSETCATALOG_COMPILER_GLOBAL_ACCENT_COLOR_NAME = AccentColor;
				CODE_SIGN_STYLE = Automatic;
				CURRENT_PROJECT_VERSION = 1;
				DEVELOPMENT_ASSET_PATHS = "\"Drawing/Preview Content\"";
				ENABLE_PREVIEWS = YES;
				GENERATE_INFOPLIST_FILE = YES;
				INFOPLIST_KEY_UIApplicationSceneManifest_Generation = YES;
				INFOPLIST_KEY_UIApplicationSupportsIndirectInputEvents = YES;
				INFOPLIST_KEY_UILaunchScreen_Generation = YES;
				INFOPLIST_KEY_UISupportedInterfaceOrientations_iPad = "UIInterfaceOrientationPortrait UIInterfaceOrientationPortraitUpsideDown UIInterfaceOrientationLandscapeLeft UIInterfaceOrientationLandscapeRight";
				INFOPLIST_KEY_UISupportedInterfaceOrientations_iPhone = "UIInterfaceOrientationPortrait UIInterfaceOrientationLandscapeLeft UIInterfaceOrientationLandscapeRight";
				LD_RUNPATH_SEARCH_PATHS = (
					"$(inherited)",
					"@executable_path/Frameworks",
				);
				MARKETING_VERSION = 1.0;
				PRODUCT_BUNDLE_IDENTIFIER = com.Drawing;
				PRODUCT_NAME = "$(TARGET_NAME)";
				SWIFT_EMIT_LOC_STRINGS = YES;
				SWIFT_VERSION = 5.0;
				TARGETED_DEVICE_FAMILY = "1,2";
			};
			name = Release;
		};
		4E1C0C652890FC990082568C /* Debug */ = {
			isa = XCBuildConfiguration;
			buildSettings = {
				ALWAYS_EMBED_SWIFT_STANDARD_LIBRARIES = YES;
				BUNDLE_LOADER = "$(TEST_HOST)";
				CODE_SIGN_STYLE = Automatic;
				CURRENT_PROJECT_VERSION = 1;
				GENERATE_INFOPLIST_FILE = YES;
				IPHONEOS_DEPLOYMENT_TARGET = 15.5;
				MARKETING_VERSION = 1.0;
				PRODUCT_BUNDLE_IDENTIFIER = com.DrawingTests;
				PRODUCT_NAME = "$(TARGET_NAME)";
				SWIFT_EMIT_LOC_STRINGS = NO;
				SWIFT_VERSION = 5.0;
				TARGETED_DEVICE_FAMILY = "1,2";
				TEST_HOST = "$(BUILT_PRODUCTS_DIR)/Drawing.app/Drawing";
			};
			name = Debug;
		};
		4E1C0C662890FC990082568C /* Release */ = {
			isa = XCBuildConfiguration;
			buildSettings = {
				ALWAYS_EMBED_SWIFT_STANDARD_LIBRARIES = YES;
				BUNDLE_LOADER = "$(TEST_HOST)";
				CODE_SIGN_STYLE = Automatic;
				CURRENT_PROJECT_VERSION = 1;
				GENERATE_INFOPLIST_FILE = YES;
				IPHONEOS_DEPLOYMENT_TARGET = 15.5;
				MARKETING_VERSION = 1.0;
				PRODUCT_BUNDLE_IDENTIFIER = com.DrawingTests;
				PRODUCT_NAME = "$(TARGET_NAME)";
				SWIFT_EMIT_LOC_STRINGS = NO;
				SWIFT_VERSION = 5.0;
				TARGETED_DEVICE_FAMILY = "1,2";
				TEST_HOST = "$(BUILT_PRODUCTS_DIR)/Drawing.app/Drawing";
			};
			name = Release;
		};
		4E1C0C682890FC990082568C /* Debug */ = {
			isa = XCBuildConfiguration;
			buildSettings = {
				ALWAYS_EMBED_SWIFT_STANDARD_LIBRARIES = YES;
				CODE_SIGN_STYLE = Automatic;
				CURRENT_PROJECT_VERSION = 1;
				GENERATE_INFOPLIST_FILE = YES;
				MARKETING_VERSION = 1.0;
				PRODUCT_BUNDLE_IDENTIFIER = com.DrawingUITests;
				PRODUCT_NAME = "$(TARGET_NAME)";
				SWIFT_EMIT_LOC_STRINGS = NO;
				SWIFT_VERSION = 5.0;
				TARGETED_DEVICE_FAMILY = "1,2";
				TEST_TARGET_NAME = Drawing;
			};
			name = Debug;
		};
		4E1C0C692890FC990082568C /* Release */ = {
			isa = XCBuildConfiguration;
			buildSettings = {
				ALWAYS_EMBED_SWIFT_STANDARD_LIBRARIES = YES;
				CODE_SIGN_STYLE = Automatic;
				CURRENT_PROJECT_VERSION = 1;
				GENERATE_INFOPLIST_FILE = YES;
				MARKETING_VERSION = 1.0;
				PRODUCT_BUNDLE_IDENTIFIER = com.DrawingUITests;
				PRODUCT_NAME = "$(TARGET_NAME)";
				SWIFT_EMIT_LOC_STRINGS = NO;
				SWIFT_VERSION = 5.0;
				TARGETED_DEVICE_FAMILY = "1,2";
				TEST_TARGET_NAME = Drawing;
			};
			name = Release;
		};
/* End XCBuildConfiguration section */

/* Begin XCConfigurationList section */
		4E1C0C332890FC970082568C /* Build configuration list for PBXProject "Drawing" */ = {
			isa = XCConfigurationList;
			buildConfigurations = (
				4E1C0C5F2890FC990082568C /* Debug */,
				4E1C0C602890FC990082568C /* Release */,
			);
			defaultConfigurationIsVisible = 0;
			defaultConfigurationName = Release;
		};
		4E1C0C612890FC990082568C /* Build configuration list for PBXNativeTarget "Drawing" */ = {
			isa = XCConfigurationList;
			buildConfigurations = (
				4E1C0C622890FC990082568C /* Debug */,
				4E1C0C632890FC990082568C /* Release */,
			);
			defaultConfigurationIsVisible = 0;
			defaultConfigurationName = Release;
		};
		4E1C0C642890FC990082568C /* Build configuration list for PBXNativeTarget "DrawingTests" */ = {
			isa = XCConfigurationList;
			buildConfigurations = (
				4E1C0C652890FC990082568C /* Debug */,
				4E1C0C662890FC990082568C /* Release */,
			);
			defaultConfigurationIsVisible = 0;
			defaultConfigurationName = Release;
		};
		4E1C0C672890FC990082568C /* Build configuration list for PBXNativeTarget "DrawingUITests" */ = {
			isa = XCConfigurationList;
			buildConfigurations = (
				4E1C0C682890FC990082568C /* Debug */,
				4E1C0C692890FC990082568C /* Release */,
			);
			defaultConfigurationIsVisible = 0;
			defaultConfigurationName = Release;
		};
/* End XCConfigurationList section */

/* Begin XCVersionGroup section */
		4E1C0C6F2890FDC30082568C /* Drawing.xcdatamodeld */ = {
			isa = XCVersionGroup;
			children = (
				4E1C0C702890FDC30082568C /* Drawing.xcdatamodel */,
			);
			currentVersion = 4E1C0C702890FDC30082568C /* Drawing.xcdatamodel */;
			path = Drawing.xcdatamodeld;
			sourceTree = "<group>";
			versionGroupType = wrapper.xcdatamodel;
		};
/* End XCVersionGroup section */
	};
	rootObject = 4E1C0C302890FC970082568C /* Project object */;
}
